Microsoft Visual Studio Solution File, Format Version 12.00
# Visual Studio 15
VisualStudioVersion = 15.0.26403.7
MinimumVisualStudioVersion = 15.0.26124.0
Project("{2150E333-8FDC-42A3-9474-1A3956D46DE8}") = "src", "src", "{F49E5FAA-FAD0-4019-934D-B5730E7C477B}"
EndProject
Project("{FAE04EC0-301F-11D3-BF4B-00C04F79EFBC}") = "Rainbow.MessageQueue.Ring", "src\Rainbow.MessageQueue.Ring\Rainbow.MessageQueue.Ring.csproj", "{535BA3D3-75B3-420C-A6FB-D3EA2589948C}"
EndProject
Global
	GlobalSection(SolutionConfigurationPlatforms) = preSolution
		Debug|Any CPU = Debug|Any CPU
		Debug|x64 = Debug|x64
		Debug|x86 = Debug|x86
		Release|Any CPU = Release|Any CPU
		Release|x64 = Release|x64
		Release|x86 = Release|x86
	EndGlobalSection
	GlobalSection(ProjectConfigurationPlatforms) = postSolution
		{535BA3D3-75B3-420C-A6FB-D3EA2589948C}.Debug|Any CPU.ActiveCfg = Debug|Any CPU
		{535BA3D3-75B3-420C-A6FB-D3EA2589948C}.Debug|Any CPU.Build.0 = Debug|Any CPU
		{535BA3D3-75B3-420C-A6FB-D3EA2589948C}.Debug|x64.ActiveCfg = Debug|Any CPU
		{535BA3D3-75B3-420C-A6FB-D3EA2589948C}.Debug|x64.Build.0 = Debug|Any CPU
		{535BA3D3-75B3-420C-A6FB-D3EA2589948C}.Debug|x86.ActiveCfg = Debug|Any CPU
		{535BA3D3-75B3-420C-A6FB-D3EA2589948C}.Debug|x86.Build.0 = Debug|Any CPU
		{535BA3D3-75B3-420C-A6FB-D3EA2589948C}.Release|Any CPU.ActiveCfg = Release|Any CPU
		{535BA3D3-75B3-420C-A6FB-D3EA2589948C}.Release|Any CPU.Build.0 = Release|Any CPU
		{535BA3D3-75B3-420C-A6FB-D3EA2589948C}.Release|x64.ActiveCfg = Release|Any CPU
		{535BA3D3-75B3-420C-A6FB-D3EA2589948C}.Release|x64.Build.0 = Release|Any CPU
		{535BA3D3-75B3-420C-A6FB-D3EA2589948C}.Release|x86.ActiveCfg = Release|Any CPU
		{535BA3D3-75B3-420C-A6FB-D3EA2589948C}.Release|x86.Build.0 = Release|Any CPU
	EndGlobalSection
	GlobalSection(SolutionProperties) = preSolution
		HideSolutionNode = FALSE
	EndGlobalSection
	GlobalSection(NestedProjects) = preSolution
		{535BA3D3-75B3-420C-A6FB-D3EA2589948C} = {F49E5FAA-FAD0-4019-934D-B5730E7C477B}
	EndGlobalSection
EndGlobal
